
Microsoft Visual Studio Solution File, Format Version 12.00
# Visual Studio Version 17
VisualStudioVersion = 17.7.34018.315
MinimumVisualStudioVersion = 10.0.40219.1
Project("{FAE04EC0-301F-11D3-BF4B-00C04F79EFBC}") = "Conditionals4", "Conditionals4\Conditionals4.csproj", "{CD0B7D0F-EC82-409E-BFFA-686095ABD39E}"
EndProject
Global
	GlobalSection(SolutionConfigurationPlatforms) = preSolution
		Debug|Any CPU = Debug|Any CPU
		Release|Any CPU = Release|Any CPU
	EndGlobalSection
	GlobalSection(ProjectConfigurationPlatforms) = postSolution
		{CD0B7D0F-EC82-409E-BFFA-686095ABD39E}.Debug|Any CPU.ActiveCfg = Debug|Any CPU
		{CD0B7D0F-EC82-409E-BFFA-686095ABD39E}.Debug|Any CPU.Build.0 = Debug|Any CPU
		{CD0B7D0F-EC82-409E-BFFA-686095ABD39E}.Release|Any CPU.ActiveCfg = Release|Any CPU
		{CD0B7D0F-EC82-409E-BFFA-686095ABD39E}.Release|Any CPU.Build.0 = Release|Any CPU
	EndGlobalSection
	GlobalSection(SolutionProperties) = preSolution
		HideSolutionNode = FALSE
	EndGlobalSection
	GlobalSection(ExtensibilityGlobals) = postSolution
		SolutionGuid = {54181089-6CCC-4781-AEA8-11224193EC92}
	EndGlobalSection
EndGlobal
